Microsoft Visual Studio Solution File, Format Version 12.00
# Visual Studio Version 17
VisualStudioVersion = 17.12.35527.113
MinimumVisualStudioVersion = 10.0.40219.1
Project("{FAE04EC0-301F-11D3-BF4B-00C04F79EFBC}") = "AspireExample.AppHost", "src\AspireExample.AppHost\AspireExample.AppHost.csproj", "{202E3ACE-5B9A-498E-B07F-B4911A956357}"
EndProject
Project("{FAE04EC0-301F-11D3-BF4B-00C04F79EFBC}") = "AspireExample.ServiceDefaults", "src\AspireExample.ServiceDefaults\AspireExample.ServiceDefaults.csproj", "{622DF609-E186-4EFA-A15D-6FF6AAECFC18}"
EndProject
Project("{FAE04EC0-301F-11D3-BF4B-00C04F79EFBC}") = "AspireExample.ApiService", "src\AspireExample.ApiService\AspireExample.ApiService.csproj", "{13323E22-026F-473D-89EB-C8088F4ACCF5}"
EndProject
Project("{FAE04EC0-301F-11D3-BF4B-00C04F79EFBC}") = "AspireExample.Web", "src\AspireExample.Web\AspireExample.Web.csproj", "{A6F80BC5-C989-4910-8E4C-9C30A52C425F}"
EndProject
Project("{2150E333-8FDC-42A3-9474-1A3956D46DE8}") = "1.Documents", "1.Documents", "{48CB1413-CCFF-4908-90B7-D153EBAF45E8}"
	ProjectSection(SolutionItems) = preProject
		Directory.Build.props = Directory.Build.props
		Directory.Packages.props = Directory.Packages.props
		README.md = README.md
	EndProjectSection
EndProject
Project("{2150E333-8FDC-42A3-9474-1A3956D46DE8}") = "5.Host", "5.Host", "{4C3A0DD7-FD5C-43A1-AAF6-C0C1E43467D2}"
EndProject
Project("{FAE04EC0-301F-11D3-BF4B-00C04F79EFBC}") = "AspireExample.Domain", "src\AspireExample.Domain\AspireExample.Domain.csproj", "{815429C8-CADD-4278-8F41-001E6FC9D126}"
EndProject
Project("{FAE04EC0-301F-11D3-BF4B-00C04F79EFBC}") = "AspireExample.Infrastructure", "src\AspireExample.Infrastructure\AspireExample.Infrastructure.csproj", "{15737F9C-6E02-4863-95DA-1EAC3C41373D}"
EndProject
Project("{2150E333-8FDC-42A3-9474-1A3956D46DE8}") = "4.Web", "4.Web", "{C8D964E7-9AC9-4D4E-94AE-283F43DDD13A}"
EndProject
Project("{2150E333-8FDC-42A3-9474-1A3956D46DE8}") = "2.Core", "2.Core", "{3DD11CEA-DBCA-4890-B9B3-7B76139FB0B1}"
EndProject
Project("{2150E333-8FDC-42A3-9474-1A3956D46DE8}") = "3.Tests", "3.Tests", "{3B0794BE-4CBA-4BFF-82F0-21ABB4C03285}"
EndProject
Project("{FAE04EC0-301F-11D3-BF4B-00C04F79EFBC}") = "AspireExample.UnitTests", "tests\AspireExample.UnitTests\AspireExample.UnitTests.csproj", "{19A96FAE-DEBC-4445-840E-58772746257A}"
EndProject
Project("{FAE04EC0-301F-11D3-BF4B-00C04F79EFBC}") = "AspireExample.IntegrationTests", "tests\AspireExample.IntegrationTests\AspireExample.IntegrationTests.csproj", "{10C006CD-23E1-4A9C-AA41-1E180FC67E4C}"
EndProject
Project("{FAE04EC0-301F-11D3-BF4B-00C04F79EFBC}") = "AspireExample.Application", "src\AspireExample.Application\AspireExample.Application.csproj", "{326F2FD5-A91F-43D9-A1E8-4B04D63D86E0}"
EndProject
Global
	GlobalSection(SolutionConfigurationPlatforms) = preSolution
		Debug|Any CPU = Debug|Any CPU
		Release|Any CPU = Release|Any CPU
	EndGlobalSection
	GlobalSection(ProjectConfigurationPlatforms) = postSolution
		{202E3ACE-5B9A-498E-B07F-B4911A956357}.Debug|Any CPU.ActiveCfg = Debug|Any CPU
		{202E3ACE-5B9A-498E-B07F-B4911A956357}.Debug|Any CPU.Build.0 = Debug|Any CPU
		{202E3ACE-5B9A-498E-B07F-B4911A956357}.Release|Any CPU.ActiveCfg = Release|Any CPU
		{202E3ACE-5B9A-498E-B07F-B4911A956357}.Release|Any CPU.Build.0 = Release|Any CPU
		{622DF609-E186-4EFA-A15D-6FF6AAECFC18}.Debug|Any CPU.ActiveCfg = Debug|Any CPU
		{622DF609-E186-4EFA-A15D-6FF6AAECFC18}.Debug|Any CPU.Build.0 = Debug|Any CPU
		{622DF609-E186-4EFA-A15D-6FF6AAECFC18}.Release|Any CPU.ActiveCfg = Release|Any CPU
		{622DF609-E186-4EFA-A15D-6FF6AAECFC18}.Release|Any CPU.Build.0 = Release|Any CPU
		{13323E22-026F-473D-89EB-C8088F4ACCF5}.Debug|Any CPU.ActiveCfg = Debug|Any CPU
		{13323E22-026F-473D-89EB-C8088F4ACCF5}.Debug|Any CPU.Build.0 = Debug|Any CPU
		{13323E22-026F-473D-89EB-C8088F4ACCF5}.Release|Any CPU.ActiveCfg = Release|Any CPU
		{13323E22-026F-473D-89EB-C8088F4ACCF5}.Release|Any CPU.Build.0 = Release|Any CPU
		{A6F80BC5-C989-4910-8E4C-9C30A52C425F}.Debug|Any CPU.ActiveCfg = Debug|Any CPU
		{A6F80BC5-C989-4910-8E4C-9C30A52C425F}.Debug|Any CPU.Build.0 = Debug|Any CPU
		{A6F80BC5-C989-4910-8E4C-9C30A52C425F}.Release|Any CPU.ActiveCfg = Release|Any CPU
		{A6F80BC5-C989-4910-8E4C-9C30A52C425F}.Release|Any CPU.Build.0 = Release|Any CPU
		{815429C8-CADD-4278-8F41-001E6FC9D126}.Debug|Any CPU.ActiveCfg = Debug|Any CPU
		{815429C8-CADD-4278-8F41-001E6FC9D126}.Debug|Any CPU.Build.0 = Debug|Any CPU
		{815429C8-CADD-4278-8F41-001E6FC9D126}.Release|Any CPU.ActiveCfg = Release|Any CPU
		{815429C8-CADD-4278-8F41-001E6FC9D126}.Release|Any CPU.Build.0 = Release|Any CPU
		{15737F9C-6E02-4863-95DA-1EAC3C41373D}.Debug|Any CPU.ActiveCfg = Debug|Any CPU
		{15737F9C-6E02-4863-95DA-1EAC3C41373D}.Debug|Any CPU.Build.0 = Debug|Any CPU
		{15737F9C-6E02-4863-95DA-1EAC3C41373D}.Release|Any CPU.ActiveCfg = Release|Any CPU
		{15737F9C-6E02-4863-95DA-1EAC3C41373D}.Release|Any CPU.Build.0 = Release|Any CPU
		{19A96FAE-DEBC-4445-840E-58772746257A}.Debug|Any CPU.ActiveCfg = Debug|Any CPU
		{19A96FAE-DEBC-4445-840E-58772746257A}.Debug|Any CPU.Build.0 = Debug|Any CPU
		{19A96FAE-DEBC-4445-840E-58772746257A}.Release|Any CPU.ActiveCfg = Release|Any CPU
		{19A96FAE-DEBC-4445-840E-58772746257A}.Release|Any CPU.Build.0 = Release|Any CPU
		{10C006CD-23E1-4A9C-AA41-1E180FC67E4C}.Debug|Any CPU.ActiveCfg = Debug|Any CPU
		{10C006CD-23E1-4A9C-AA41-1E180FC67E4C}.Debug|Any CPU.Build.0 = Debug|Any CPU
		{10C006CD-23E1-4A9C-AA41-1E180FC67E4C}.Release|Any CPU.ActiveCfg = Release|Any CPU
		{10C006CD-23E1-4A9C-AA41-1E180FC67E4C}.Release|Any CPU.Build.0 = Release|Any CPU
		{326F2FD5-A91F-43D9-A1E8-4B04D63D86E0}.Debug|Any CPU.ActiveCfg = Debug|Any CPU
		{326F2FD5-A91F-43D9-A1E8-4B04D63D86E0}.Debug|Any CPU.Build.0 = Debug|Any CPU
		{326F2FD5-A91F-43D9-A1E8-4B04D63D86E0}.Release|Any CPU.ActiveCfg = Release|Any CPU
		{326F2FD5-A91F-43D9-A1E8-4B04D63D86E0}.Release|Any CPU.Build.0 = Release|Any CPU
	EndGlobalSection
	GlobalSection(SolutionProperties) = preSolution
		HideSolutionNode = FALSE
	EndGlobalSection
	GlobalSection(NestedProjects) = preSolution
		{202E3ACE-5B9A-498E-B07F-B4911A956357} = {4C3A0DD7-FD5C-43A1-AAF6-C0C1E43467D2}
		{622DF609-E186-4EFA-A15D-6FF6AAECFC18} = {4C3A0DD7-FD5C-43A1-AAF6-C0C1E43467D2}
		{13323E22-026F-473D-89EB-C8088F4ACCF5} = {C8D964E7-9AC9-4D4E-94AE-283F43DDD13A}
		{A6F80BC5-C989-4910-8E4C-9C30A52C425F} = {C8D964E7-9AC9-4D4E-94AE-283F43DDD13A}
		{815429C8-CADD-4278-8F41-001E6FC9D126} = {3DD11CEA-DBCA-4890-B9B3-7B76139FB0B1}
		{15737F9C-6E02-4863-95DA-1EAC3C41373D} = {3DD11CEA-DBCA-4890-B9B3-7B76139FB0B1}
		{19A96FAE-DEBC-4445-840E-58772746257A} = {3B0794BE-4CBA-4BFF-82F0-21ABB4C03285}
		{10C006CD-23E1-4A9C-AA41-1E180FC67E4C} = {3B0794BE-4CBA-4BFF-82F0-21ABB4C03285}
		{326F2FD5-A91F-43D9-A1E8-4B04D63D86E0} = {3DD11CEA-DBCA-4890-B9B3-7B76139FB0B1}
	EndGlobalSection
EndGlobal
